
Microsoft Visual Studio Solution File, Format Version 12.00
# Visual Studio Version 17
VisualStudioVersion = 17.3.32922.545
MinimumVisualStudioVersion = 10.0.40219.1
Project("{8BC9CEB8-8B4A-11D0-8D11-00A0C91BC942}") = "ConsoleApplication1", "ConsoleApplication1\ConsoleApplication1.vcxproj", "{6ECCC5E3-E0CA-4356-8602-8B5CF0876E18}"
EndProject
Global
	GlobalSection(SolutionConfigurationPlatforms) = preSolution
		Debug|x64 = Debug|x64
		Debug|x86 = Debug|x86
		Release|x64 = Release|x64
		Release|x86 = Release|x86
	EndGlobalSection
	GlobalSection(ProjectConfigurationPlatforms) = postSolution
		{6ECCC5E3-E0CA-4356-8602-8B5CF0876E18}.Debug|x64.ActiveCfg = Debug|x64
		{6ECCC5E3-E0CA-4356-8602-8B5CF0876E18}.Debug|x64.Build.0 = Debug|x64
		{6ECCC5E3-E0CA-4356-8602-8B5CF0876E18}.Debug|x86.ActiveCfg = Debug|Win32
		{6ECCC5E3-E0CA-4356-8602-8B5CF0876E18}.Debug|x86.Build.0 = Debug|Win32
		{6ECCC5E3-E0CA-4356-8602-8B5CF0876E18}.Release|x64.ActiveCfg = Release|x64
		{6ECCC5E3-E0CA-4356-8602-8B5CF0876E18}.Release|x64.Build.0 = Release|x64
		{6ECCC5E3-E0CA-4356-8602-8B5CF0876E18}.Release|x86.ActiveCfg = Release|Win32
		{6ECCC5E3-E0CA-4356-8602-8B5CF0876E18}.Release|x86.Build.0 = Release|Win32
	EndGlobalSection
	GlobalSection(SolutionProperties) = preSolution
		HideSolutionNode = FALSE
	EndGlobalSection
	GlobalSection(ExtensibilityGlobals) = postSolution
		SolutionGuid = {E1701FFB-9975-4F6D-BA08-9FAE12E27DA8}
	EndGlobalSection
EndGlobal
